{
	"name": "3d-core-raub",
	"version": "3.4.0",
	"lockfileVersion": 1,
	"requires": true,
	"dependencies": {
		"addon-tools-raub": {
			"version": "5.1.1",
			"resolved": "https://registry.npmjs.org/addon-tools-raub/-/addon-tools-raub-5.1.1.tgz",
			"integrity": "sha512-Htcf1/ww0AkCU6cgV+IzGak+BHJFkBxhFO0udscWiT4h7WLxnnjWBTdB5KywYruCwVdmSycWud438PGQWgV+9A==",
			"requires": {
				"adm-zip": "0.4.14",
				"node-addon-api": "2.0.0"
			}
		},
		"adm-zip": {
			"version": "0.4.14",
			"resolved": "https://registry.npmjs.org/adm-zip/-/adm-zip-0.4.14.tgz",
			"integrity": "sha512-/9aQCnQHF+0IiCl0qhXoK7qs//SwYE7zX8lsr/DNk1BRAHYxeLZPL4pguwK29gUEqasYQjqPtEpDRSWEkdHn9g=="
		},
		"deps-freeimage-raub": {
			"version": "2.0.2",
			"resolved": "https://registry.npmjs.org/deps-freeimage-raub/-/deps-freeimage-raub-2.0.2.tgz",
			"integrity": "sha512-tGPqMTKqupQYPvdbk7v9pvircd480t191GHnZMz2+bSOQANhMudnlwQPaHxOb7AO8twjweA2nYdI80lqeqZghQ==",
			"requires": {
				"addon-tools-raub": "5.1.x"
			}
		},
		"deps-opengl-raub": {
			"version": "3.0.2",
			"resolved": "https://registry.npmjs.org/deps-opengl-raub/-/deps-opengl-raub-3.0.2.tgz",
			"integrity": "sha512-PWdTNQVA7mgw+RDLpK2b0CYIULwMlEIMooG3YGNVNJtuSNzyDje289graWRb6MlDiMbD5XsGrleOH1+7ffdMXA==",
			"requires": {
				"addon-tools-raub": "5.1.x"
			}
		},
		"glfw-raub": {
			"version": "4.4.1",
			"resolved": "https://registry.npmjs.org/glfw-raub/-/glfw-raub-4.4.1.tgz",
			"integrity": "sha512-4xs7lGfmA8uiGXU10LsA+6l8ap8wep63BjzZRO/PIDAm61v32LpwXU3/a9H3yCCjBgaccv8DAV7hU9gXAcYzZw==",
			"requires": {
				"addon-tools-raub": "5.1.x",
				"deps-opengl-raub": "3.0.x",
				"segfault-raub": "1.1.x"
			}
		},
		"image-raub": {
			"version": "3.1.3",
			"resolved": "https://registry.npmjs.org/image-raub/-/image-raub-3.1.3.tgz",
			"integrity": "sha512-D+ONKtAhanyrn2iJWP8RtKzDbOa/bMmVyhX+kh6wnGf6UUFtRNe+66QJKlRFW2LIHvL1jHK1DBL9AiB2wOYQog==",
			"requires": {
				"addon-tools-raub": "5.1.x",
				"deps-freeimage-raub": "2.0.x",
				"segfault-raub": "1.1.x"
			}
		},
		"node-addon-api": {
			"version": "2.0.0",
			"resolved": "https://registry.npmjs.org/node-addon-api/-/node-addon-api-2.0.0.tgz",
			"integrity": "sha512-ASCL5U13as7HhOExbT6OlWJJUV/lLzL2voOSP1UVehpRD8FbSrSDjfScK/KwAvVTI5AS6r4VwbOMlIqtvRidnA=="
		},
		"segfault-raub": {
			"version": "1.1.2",
			"resolved": "https://registry.npmjs.org/segfault-raub/-/segfault-raub-1.1.2.tgz",
			"integrity": "sha512-T/ep76TJCByCOVGTU3e2wjg0ZKAyksjRFSwKuR4bKeUQiC5E9G3tuWF+7tR/XrtnFyHiO2Mtu7zkYhir2s5vmg==",
			"requires": {
				"addon-tools-raub": "5.1.x"
			}
		},
		"threejs-raub": {
			"version": "0.115.0",
			"resolved": "https://registry.npmjs.org/threejs-raub/-/threejs-raub-0.115.0.tgz",
			"integrity": "sha512-yAlNipxQKczutre0NzHxM8yFsVM1iMraOyqjnfF2X9v+MQ7t6aZSQ7qLFg1e37sbmTrW4T45/F8yJjBm3wM+1w=="
		},
		"webgl-raub": {
			"version": "2.0.6",
			"resolved": "https://registry.npmjs.org/webgl-raub/-/webgl-raub-2.0.6.tgz",
			"integrity": "sha512-G0fIWir1ySQNFrG43gSrVskuRnCTK5N0F/Zre8Uzr3Ql22bYG+R9G5lC6i1e0n2WcNI+WqtuvQqBEvJTHNwrcA==",
			"requires": {
				"addon-tools-raub": "5.1.x",
				"deps-opengl-raub": "3.0.x",
				"segfault-raub": "1.1.x"
			}
		}
	}
}
