{
  "name": "node-3d-ready-raub",
  "version": "0.3.3",
  "lockfileVersion": 1,
  "requires": true,
  "dependencies": {
    "nan": {
      "version": "2.8.0",
      "resolved": "https://registry.npmjs.org/nan/-/nan-2.8.0.tgz",
      "integrity": "sha1-7XFfP+neArV6XmJS2QqWZ14fCFo="
    },
    "node-deps-opengl-raub": {
      "version": "0.3.4",
      "resolved": "https://registry.npmjs.org/node-deps-opengl-raub/-/node-deps-opengl-raub-0.3.4.tgz",
      "integrity": "sha1-iUJixdGt4bgDVCb4HBAIUpmPrYs="
    },
    "node-threejs-raub": {
      "version": "0.89.0",
      "resolved": "https://registry.npmjs.org/node-threejs-raub/-/node-threejs-raub-0.89.0.tgz",
      "integrity": "sha1-s/F1IUwpe2Z8j4gAFK1KGkoNnws="
    },
    "node-webgl-raub": {
      "version": "0.8.3",
      "resolved": "https://registry.npmjs.org/node-webgl-raub/-/node-webgl-raub-0.8.3.tgz",
      "integrity": "sha512-P9ZhZlOTfd1+FC/mCSgL+CwUleZwhudKXHA/0VordtmgOfRqkH4JR4EMXQi7W78m75l4zHSIzmwgLI5DUGzhsg==",
      "requires": {
        "nan": "2.8.0",
        "node-addon-tools-raub": "0.0.5",
        "node-deps-opengl-raub": "0.3.4",
        "node-glfw-raub": "0.6.3"
      },
      "dependencies": {
        "node-addon-tools-raub": {
          "version": "0.0.5",
          "resolved": "https://registry.npmjs.org/node-addon-tools-raub/-/node-addon-tools-raub-0.0.5.tgz",
          "integrity": "sha1-K5xvVY0MNWljr2BiJCc2TOTrz8Y="
        },
        "node-glfw-raub": {
          "version": "0.6.3",
          "resolved": "https://registry.npmjs.org/node-glfw-raub/-/node-glfw-raub-0.6.3.tgz",
          "integrity": "sha512-UaC34Hc53TTWq1sN5eMXIhqGGmxuuIcRUdosHDestgzMT4psPodPoMIBGUm4a4VJeD1xr8v0wMcy86kNyCrKAg==",
          "requires": {
            "nan": "2.8.0",
            "node-addon-tools-raub": "0.0.5",
            "node-deps-opengl-raub": "0.3.4"
          }
        }
      }
    },
    "three": {
      "version": "0.89.0",
      "resolved": "https://registry.npmjs.org/three/-/three-0.89.0.tgz",
      "integrity": "sha1-RELYGaYWiHG40ss3rRKiQxDBcPU="
    }
  }
}
