{
  "name": "pixi-example",
  "version": "0.0.0",
  "lockfileVersion": 3,
  "requires": true,
  "packages": {
    "": {
      "name": "pixi-example",
      "version": "0.0.0",
      "dependencies": {
        "pixi.js": "^7.2.4"
      }
    },
    "node_modules/@pixi/accessibility": {
      "version": "7.2.4",
      "resolved": "https://registry.npmjs.org/@pixi/accessibility/-/accessibility-7.2.4.tgz",
      "integrity": "sha512-EVjuqUqv9FeYFXCv0S0qj1hgCtbAMNBPCbOGEtiMogpM++/IySxBZvcOYg3rRgo9inwt2s4Bi7kUiqMPD8hItw==",
      "peerDependencies": {
        "@pixi/core": "7.2.4",
        "@pixi/display": "7.2.4",
        "@pixi/events": "7.2.4"
      }
    },
    "node_modules/@pixi/app": {
      "version": "7.2.4",
      "resolved": "https://registry.npmjs.org/@pixi/app/-/app-7.2.4.tgz",
      "integrity": "sha512-eJ2jpu5P28ip07nLItw6sETXn45P4KR/leMJ6zPHRlhT1m8t5zTsWr3jK4Uj8LF2E+6KlPNzLQh5Alf/unn/aQ==",
      "peerDependencies": {
        "@pixi/core": "7.2.4",
        "@pixi/display": "7.2.4"
      }
    },
    "node_modules/@pixi/assets": {
      "version": "7.2.4",
      "resolved": "https://registry.npmjs.org/@pixi/assets/-/assets-7.2.4.tgz",
      "integrity": "sha512-7199re3wvMAlVqXLaCyAr8IkJSXqkeVAxcYyB2rBu4Id5m2hhlGX1dQsdMBiCXLwu6/LLVqDvJggSNVQBzL6ZQ==",
      "dependencies": {
        "@types/css-font-loading-module": "^0.0.7"
      },
      "peerDependencies": {
        "@pixi/core": "7.2.4",
        "@pixi/utils": "7.2.4"
      }
    },
    "node_modules/@pixi/color": {
      "version": "7.2.4",
      "resolved": "https://registry.npmjs.org/@pixi/color/-/color-7.2.4.tgz",
      "integrity": "sha512-B/+9JRcXe2uE8wQfsueFRPZVayF2VEMRB7XGeRAsWCryOX19nmWhv0Nt3nOU2rvzI0niz9XgugJXsB6vVmDFSg==",
      "dependencies": {
        "colord": "^2.9.3"
      }
    },
    "node_modules/@pixi/compressed-textures": {
      "version": "7.2.4",
      "resolved": "https://registry.npmjs.org/@pixi/compressed-textures/-/compressed-textures-7.2.4.tgz",
      "integrity": "sha512-atnWyw/ot/Wg69qhgskKiuTYCZx15IxV35sa0KyXMthyjyvDLCIvOn0nczM6wCBy9H96SjJbfgynVWhVrip6qw==",
      "peerDependencies": {
        "@pixi/assets": "7.2.4",
        "@pixi/core": "7.2.4"
      }
    },
    "node_modules/@pixi/constants": {
      "version": "7.2.4",
      "resolved": "https://registry.npmjs.org/@pixi/constants/-/constants-7.2.4.tgz",
      "integrity": "sha512-hKuHBWR6N4Q0Sf5MGF3/9l+POg/G5rqhueHfzofiuelnKg7aBs3BVjjZ+6hZbd6M++vOUmxYelEX/NEFBxrheA=="
    },
    "node_modules/@pixi/core": {
      "version": "7.2.4",
      "resolved": "https://registry.npmjs.org/@pixi/core/-/core-7.2.4.tgz",
      "integrity": "sha512-0XtvrfxHlS2T+beBBSpo7GI8+QLyyTqMVQpNmPqB4woYxzrOEJ9JaUFBaBfCvycLeUkfVih1u6HAbtF+2d1EjQ==",
      "dependencies": {
        "@pixi/color": "7.2.4",
        "@pixi/constants": "7.2.4",
        "@pixi/extensions": "7.2.4",
        "@pixi/math": "7.2.4",
        "@pixi/runner": "7.2.4",
        "@pixi/settings": "7.2.4",
        "@pixi/ticker": "7.2.4",
        "@pixi/utils": "7.2.4",
        "@types/offscreencanvas": "^2019.6.4"
      },
      "funding": {
        "type": "opencollective",
        "url": "https://opencollective.com/pixijs"
      }
    },
    "node_modules/@pixi/display": {
      "version": "7.2.4",
      "resolved": "https://registry.npmjs.org/@pixi/display/-/display-7.2.4.tgz",
      "integrity": "sha512-w5tqb8cWEO5qIDaO9GEqRvxYhL0iMk0Wsngw23bbLm1gLEQmrFkB2tpJlRAqd7H82C3DrDDeWvkrrxW6+m4apg==",
      "peerDependencies": {
        "@pixi/core": "7.2.4"
      }
    },
    "node_modules/@pixi/events": {
      "version": "7.2.4",
      "resolved": "https://registry.npmjs.org/@pixi/events/-/events-7.2.4.tgz",
      "integrity": "sha512-/JtmoB98fzIU8giN9xvlRvmvOi6u4MaD2DnKNOMHkQ1MBraj3pmrXM9fZ0JbNzi+324GraAAY76QidgHjIYoYQ==",
      "peerDependencies": {
        "@pixi/core": "7.2.4",
        "@pixi/display": "7.2.4"
      }
    },
    "node_modules/@pixi/extensions": {
      "version": "7.2.4",
      "resolved": "https://registry.npmjs.org/@pixi/extensions/-/extensions-7.2.4.tgz",
      "integrity": "sha512-Mnqv9scbL1ARD3QFKfOWs2aSVJJfP1dL8g5UiqGImYO3rZbz/9QCzXOeMVIZ5n3iaRyKMNhFFr84/zUja2H7Dw=="
    },
    "node_modules/@pixi/extract": {
      "version": "7.2.4",
      "resolved": "https://registry.npmjs.org/@pixi/extract/-/extract-7.2.4.tgz",
      "integrity": "sha512-wlXZg+J2L/1jQhRi5nZQP/cXshovhjksjss91eAKMvY5aGxNAQovCP4xotJ/XJjfTvPMpeRzHPFYzm3PrOPQ7g==",
      "peerDependencies": {
        "@pixi/core": "7.2.4"
      }
    },
    "node_modules/@pixi/filter-alpha": {
      "version": "7.2.4",
      "resolved": "https://registry.npmjs.org/@pixi/filter-alpha/-/filter-alpha-7.2.4.tgz",
      "integrity": "sha512-UTUMSGyktUr+I9vmigqJo9iUhb0nwGyqTTME2xBWZvVGCnl5z+/wHxvIBBCe5pNZ66IM15pGXQ4cDcfqCuP2kA==",
      "peerDependencies": {
        "@pixi/core": "7.2.4"
      }
    },
    "node_modules/@pixi/filter-blur": {
      "version": "7.2.4",
      "resolved": "https://registry.npmjs.org/@pixi/filter-blur/-/filter-blur-7.2.4.tgz",
      "integrity": "sha512-aLyXIoxy14bTansCPtbY8x7Sdn2OrrqkF/pcKiRXHJGGhi7wPacvB/NcmYJdnI/n2ExQ6V5Njuj/nfrsejVwcA==",
      "peerDependencies": {
        "@pixi/core": "7.2.4"
      }
    },
    "node_modules/@pixi/filter-color-matrix": {
      "version": "7.2.4",
      "resolved": "https://registry.npmjs.org/@pixi/filter-color-matrix/-/filter-color-matrix-7.2.4.tgz",
      "integrity": "sha512-DFtayybYXoUh73eHUFRK5REbi1t3FZuVUnaQTj+euHKF9L7EaYc3Q9wctpx1WPRcwkqEX50M4SNFhxpA7Pxtaw==",
      "peerDependencies": {
        "@pixi/core": "7.2.4"
      }
    },
    "node_modules/@pixi/filter-displacement": {
      "version": "7.2.4",
      "resolved": "https://registry.npmjs.org/@pixi/filter-displacement/-/filter-displacement-7.2.4.tgz",
      "integrity": "sha512-Simq3IBJKt7+Gvk4kK7OFkfoeYUMhNhIyATCdeT+Jkdkq5WV7pYnH5hqO0YW7eAHrgjV13yn6t4H/GC4+6LhEA==",
      "peerDependencies": {
        "@pixi/core": "7.2.4"
      }
    },
    "node_modules/@pixi/filter-fxaa": {
      "version": "7.2.4",
      "resolved": "https://registry.npmjs.org/@pixi/filter-fxaa/-/filter-fxaa-7.2.4.tgz",
      "integrity": "sha512-qzKjdL+Ih18uGTJLg8tT/H+YCsTeGkw2uF7lyKnw/lxGLJQhLWIhM95M9qSNgxbXyW1vp7SbG81a9aAEz2HAhA==",
      "peerDependencies": {
        "@pixi/core": "7.2.4"
      }
    },
    "node_modules/@pixi/filter-noise": {
      "version": "7.2.4",
      "resolved": "https://registry.npmjs.org/@pixi/filter-noise/-/filter-noise-7.2.4.tgz",
      "integrity": "sha512-QAU9Ybj2ZQrWM9ZEjTTC0iLnQcuyNoZNRinxSbg1G0yacpmsSb9wvV5ltIZ66+hfY+90+u2Nudt/v9g6pvOdGg==",
      "peerDependencies": {
        "@pixi/core": "7.2.4"
      }
    },
    "node_modules/@pixi/graphics": {
      "version": "7.2.4",
      "resolved": "https://registry.npmjs.org/@pixi/graphics/-/graphics-7.2.4.tgz",
      "integrity": "sha512-3A2EumTjWJgXlDLOyuBrl9b6v1Za/E+/IjOGUIX843HH4NYaf1a2sfDfljx6r3oiDvy+VhuBFmgynRcV5IyA0Q==",
      "peerDependencies": {
        "@pixi/core": "7.2.4",
        "@pixi/display": "7.2.4",
        "@pixi/sprite": "7.2.4"
      }
    },
    "node_modules/@pixi/math": {
      "version": "7.2.4",
      "resolved": "https://registry.npmjs.org/@pixi/math/-/math-7.2.4.tgz",
      "integrity": "sha512-LJB+mozyEPllxa0EssFZrKNfVwysfaBun4b2dJKQQInp0DafgbA0j7A+WVg0oe51KhFULTJMpDqbLn/ITFc41A=="
    },
    "node_modules/@pixi/mesh": {
      "version": "7.2.4",
      "resolved": "https://registry.npmjs.org/@pixi/mesh/-/mesh-7.2.4.tgz",
      "integrity": "sha512-wiALIqcRKib2BqeH9kOA5fOKWN352nqAspgbDa8gA7OyWzmNwqIedIlElixd0oLFOrIN5jOZAdzeKnoYQlt9Aw==",
      "peerDependencies": {
        "@pixi/core": "7.2.4",
        "@pixi/display": "7.2.4"
      }
    },
    "node_modules/@pixi/mesh-extras": {
      "version": "7.2.4",
      "resolved": "https://registry.npmjs.org/@pixi/mesh-extras/-/mesh-extras-7.2.4.tgz",
      "integrity": "sha512-Lxqq/1E2EmDgjZX8KzjhBy3VvITIQ00arr2ikyHYF1d0XtQTKEYpr8VKzhchqZ5/9DuyTDbDMYGhcxoNXQmZrQ==",
      "peerDependencies": {
        "@pixi/core": "7.2.4",
        "@pixi/mesh": "7.2.4"
      }
    },
    "node_modules/@pixi/mixin-cache-as-bitmap": {
      "version": "7.2.4",
      "resolved": "https://registry.npmjs.org/@pixi/mixin-cache-as-bitmap/-/mixin-cache-as-bitmap-7.2.4.tgz",
      "integrity": "sha512-95L/9nzfLHw6GoeqqRl/RjSloKvRt0xrc2inCmjMZvMsFUEtHN2F8IWd1k5vcv0S+83NCreFkJg6nJm1m5AZqg==",
      "peerDependencies": {
        "@pixi/core": "7.2.4",
        "@pixi/display": "7.2.4",
        "@pixi/sprite": "7.2.4"
      }
    },
    "node_modules/@pixi/mixin-get-child-by-name": {
      "version": "7.2.4",
      "resolved": "https://registry.npmjs.org/@pixi/mixin-get-child-by-name/-/mixin-get-child-by-name-7.2.4.tgz",
      "integrity": "sha512-9g17KgSBEEhkinnKk4dqmxagzHOCPSTvGB6lOopBq4yyXmr/2WVv+QGjuzE0O+p80szQeBJjPBQxzrfBILaSRw==",
      "peerDependencies": {
        "@pixi/display": "7.2.4"
      }
    },
    "node_modules/@pixi/mixin-get-global-position": {
      "version": "7.2.4",
      "resolved": "https://registry.npmjs.org/@pixi/mixin-get-global-position/-/mixin-get-global-position-7.2.4.tgz",
      "integrity": "sha512-UrAUF2BXCeWtFgR2m+er41Ky7zShT7r228cZkB6ZfYwMeThhwqG5mH68UeCyP6p68JMpT1gjI2DPfeSRY3ecnA==",
      "peerDependencies": {
        "@pixi/core": "7.2.4",
        "@pixi/display": "7.2.4"
      }
    },
    "node_modules/@pixi/particle-container": {
      "version": "7.2.4",
      "resolved": "https://registry.npmjs.org/@pixi/particle-container/-/particle-container-7.2.4.tgz",
      "integrity": "sha512-tpSzilZGFtAoi8XhzL0TecLPNRQAbY8nWV9XNGXJDw+nxXp18GCe8L6eEmnHLlAug67BRHl65DtrdvTknPX+4g==",
      "peerDependencies": {
        "@pixi/core": "7.2.4",
        "@pixi/display": "7.2.4",
        "@pixi/sprite": "7.2.4"
      }
    },
    "node_modules/@pixi/prepare": {
      "version": "7.2.4",
      "resolved": "https://registry.npmjs.org/@pixi/prepare/-/prepare-7.2.4.tgz",
      "integrity": "sha512-Yff5Sh4kTLdKc5VkkM44LW9gpj7Izw8ns3P1TzWxqeGjzPZ3folr/tQujGL+Qw+8A9VESp+hX9MSIHyw+jpyrg==",
      "peerDependencies": {
        "@pixi/core": "7.2.4",
        "@pixi/display": "7.2.4",
        "@pixi/graphics": "7.2.4",
        "@pixi/text": "7.2.4"
      }
    },
    "node_modules/@pixi/runner": {
      "version": "7.2.4",
      "resolved": "https://registry.npmjs.org/@pixi/runner/-/runner-7.2.4.tgz",
      "integrity": "sha512-YtyqPk1LA+0guEFKSFx6t/YSvbEQwajFwi4Ft8iDhioa6VK2MmTir1GjWwy7JQYLcDmYSAcQjnmFtVTZohyYSw=="
    },
    "node_modules/@pixi/settings": {
      "version": "7.2.4",
      "resolved": "https://registry.npmjs.org/@pixi/settings/-/settings-7.2.4.tgz",
      "integrity": "sha512-ZPKRar9EwibijGmH8EViu4Greq1I/O7V/xQx2rNqN23XA7g09Qo6yfaeQpufu5xl8+/lZrjuHtQSnuY7OgG1CA==",
      "dependencies": {
        "@pixi/constants": "7.2.4",
        "@types/css-font-loading-module": "^0.0.7",
        "ismobilejs": "^1.1.0"
      }
    },
    "node_modules/@pixi/sprite": {
      "version": "7.2.4",
      "resolved": "https://registry.npmjs.org/@pixi/sprite/-/sprite-7.2.4.tgz",
      "integrity": "sha512-DhR1B+/d0eXpxHIesJMXcVPrKFwQ+zRA1LvEIFfzewqfaRN3X6PMIuoKX8SIb6tl+Hq8Ba9Pe28zI7d2rmRzrA==",
      "peerDependencies": {
        "@pixi/core": "7.2.4",
        "@pixi/display": "7.2.4"
      }
    },
    "node_modules/@pixi/sprite-animated": {
      "version": "7.2.4",
      "resolved": "https://registry.npmjs.org/@pixi/sprite-animated/-/sprite-animated-7.2.4.tgz",
      "integrity": "sha512-9eRriPSC0QVS7U9zQlrG3uEI5+h3fi+mqofXy+yjk1sGCmXSIJME5p2wg2mzxoJk3qkSMagQA9QHtL26Fti8Iw==",
      "peerDependencies": {
        "@pixi/core": "7.2.4",
        "@pixi/sprite": "7.2.4"
      }
    },
    "node_modules/@pixi/sprite-tiling": {
      "version": "7.2.4",
      "resolved": "https://registry.npmjs.org/@pixi/sprite-tiling/-/sprite-tiling-7.2.4.tgz",
      "integrity": "sha512-nGfxQoACRx49dUN0oW1vFm3141M+7gkAbzoNJym2Pljd2dpLME9fb5E6Lyahu0yWMaPRhhGorn6z9VIGmTF3Jw==",
      "peerDependencies": {
        "@pixi/core": "7.2.4",
        "@pixi/display": "7.2.4",
        "@pixi/sprite": "7.2.4"
      }
    },
    "node_modules/@pixi/spritesheet": {
      "version": "7.2.4",
      "resolved": "https://registry.npmjs.org/@pixi/spritesheet/-/spritesheet-7.2.4.tgz",
      "integrity": "sha512-LNmlavyiMQeCF0U4S+yhzxUYmPmat6EpLjLnkGukQTZV5CZkxDCVgXM9uKoRF2DvNydj4yuwZ6+JjK8QssHI8Q==",
      "peerDependencies": {
        "@pixi/assets": "7.2.4",
        "@pixi/core": "7.2.4"
      }
    },
    "node_modules/@pixi/text": {
      "version": "7.2.4",
      "resolved": "https://registry.npmjs.org/@pixi/text/-/text-7.2.4.tgz",
      "integrity": "sha512-DGu7ktpe+zHhqR2sG9NsJt4mgvSObv5EqXTtUxD4Z0li1gmqF7uktpLyn5I6vSg1TTEL4TECClRDClVDGiykWw==",
      "peerDependencies": {
        "@pixi/core": "7.2.4",
        "@pixi/sprite": "7.2.4"
      }
    },
    "node_modules/@pixi/text-bitmap": {
      "version": "7.2.4",
      "resolved": "https://registry.npmjs.org/@pixi/text-bitmap/-/text-bitmap-7.2.4.tgz",
      "integrity": "sha512-3u2CP4VN+muCaq/jtj7gn0hb3DET/X2S04zTBcgc2WVGufJc62yz+UDzS9jC+ellotVdt9c8U74++vpz3zJGfw==",
      "peerDependencies": {
        "@pixi/assets": "7.2.4",
        "@pixi/core": "7.2.4",
        "@pixi/display": "7.2.4",
        "@pixi/mesh": "7.2.4",
        "@pixi/text": "7.2.4"
      }
    },
    "node_modules/@pixi/text-html": {
      "version": "7.2.4",
      "resolved": "https://registry.npmjs.org/@pixi/text-html/-/text-html-7.2.4.tgz",
      "integrity": "sha512-0NfLAE/w51ZtatxVqLvDS62iO0VLKsSdctqTAVv4Zlgdk9TKJmX1WUucHJboTvbm2SbDjNDGfZ6qXM5nAslIDQ==",
      "peerDependencies": {
        "@pixi/core": "7.2.4",
        "@pixi/display": "7.2.4",
        "@pixi/sprite": "7.2.4",
        "@pixi/text": "7.2.4"
      }
    },
    "node_modules/@pixi/ticker": {
      "version": "7.2.4",
      "resolved": "https://registry.npmjs.org/@pixi/ticker/-/ticker-7.2.4.tgz",
      "integrity": "sha512-hQQHIHvGeFsP4GNezZqjzuhUgNQEVgCH9+qU05UX1Mc5UHC9l6OJnY4VTVhhcHxZjA6RnyaY+1zBxCnoXuazpg==",
      "dependencies": {
        "@pixi/extensions": "7.2.4",
        "@pixi/settings": "7.2.4",
        "@pixi/utils": "7.2.4"
      }
    },
    "node_modules/@pixi/utils": {
      "version": "7.2.4",
      "resolved": "https://registry.npmjs.org/@pixi/utils/-/utils-7.2.4.tgz",
      "integrity": "sha512-VUGQHBOINIS4ePzoqafwxaGPVRTa3oM/mEutIIHbNGI3b+QvSO+1Dnk40M0zcH6Bo+MxQZbOZK5X/wO9oU5+LQ==",
      "dependencies": {
        "@pixi/color": "7.2.4",
        "@pixi/constants": "7.2.4",
        "@pixi/settings": "7.2.4",
        "@types/earcut": "^2.1.0",
        "earcut": "^2.2.4",
        "eventemitter3": "^4.0.0",
        "url": "^0.11.0"
      }
    },
    "node_modules/@types/css-font-loading-module": {
      "version": "0.0.7",
      "resolved": "https://registry.npmjs.org/@types/css-font-loading-module/-/css-font-loading-module-0.0.7.tgz",
      "integrity": "sha512-nl09VhutdjINdWyXxHWN/w9zlNCfr60JUqJbd24YXUuCwgeL0TpFSdElCwb6cxfB6ybE19Gjj4g0jsgkXxKv1Q=="
    },
    "node_modules/@types/earcut": {
      "version": "2.1.1",
      "resolved": "https://registry.npmjs.org/@types/earcut/-/earcut-2.1.1.tgz",
      "integrity": "sha512-w8oigUCDjElRHRRrMvn/spybSMyX8MTkKA5Dv+tS1IE/TgmNZPqUYtvYBXGY8cieSE66gm+szeK+bnbxC2xHTQ=="
    },
    "node_modules/@types/offscreencanvas": {
      "version": "2019.7.0",
      "resolved": "https://registry.npmjs.org/@types/offscreencanvas/-/offscreencanvas-2019.7.0.tgz",
      "integrity": "sha512-PGcyveRIpL1XIqK8eBsmRBt76eFgtzuPiSTyKHZxnGemp2yzGzWpjYKAfK3wIMiU7eH+851yEpiuP8JZerTmWg=="
    },
    "node_modules/colord": {
      "version": "2.9.3",
      "resolved": "https://registry.npmjs.org/colord/-/colord-2.9.3.tgz",
      "integrity": "sha512-jeC1axXpnb0/2nn/Y1LPuLdgXBLH7aDcHu4KEKfqw3CUhX7ZpfBSlPKyqXE6btIgEzfWtrX3/tyBCaCvXvMkOw=="
    },
    "node_modules/earcut": {
      "version": "2.2.4",
      "resolved": "https://registry.npmjs.org/earcut/-/earcut-2.2.4.tgz",
      "integrity": "sha512-/pjZsA1b4RPHbeWZQn66SWS8nZZWLQQ23oE3Eam7aroEFGEvwKAsJfZ9ytiEMycfzXWpca4FA9QIOehf7PocBQ=="
    },
    "node_modules/eventemitter3": {
      "version": "4.0.7",
      "resolved": "https://registry.npmjs.org/eventemitter3/-/eventemitter3-4.0.7.tgz",
      "integrity": "sha512-8guHBZCwKnFhYdHr2ysuRWErTwhoN2X8XELRlrRwpmfeY2jjuUN4taQMsULKUVo1K4DvZl+0pgfyoysHxvmvEw=="
    },
    "node_modules/ismobilejs": {
      "version": "1.1.1",
      "resolved": "https://registry.npmjs.org/ismobilejs/-/ismobilejs-1.1.1.tgz",
      "integrity": "sha512-VaFW53yt8QO61k2WJui0dHf4SlL8lxBofUuUmwBo0ljPk0Drz2TiuDW4jo3wDcv41qy/SxrJ+VAzJ/qYqsmzRw=="
    },
    "node_modules/pixi.js": {
      "version": "7.2.4",
      "resolved": "https://registry.npmjs.org/pixi.js/-/pixi.js-7.2.4.tgz",
      "integrity": "sha512-nBH60meoLnHxoMFz17HoMxXS4uJpG5jwIdL+Gx2S11TzWgP3iKF+/WLOTrkSdyuQoQSdIBxVqpnYii0Wiox15A==",
      "dependencies": {
        "@pixi/accessibility": "7.2.4",
        "@pixi/app": "7.2.4",
        "@pixi/assets": "7.2.4",
        "@pixi/compressed-textures": "7.2.4",
        "@pixi/core": "7.2.4",
        "@pixi/display": "7.2.4",
        "@pixi/events": "7.2.4",
        "@pixi/extensions": "7.2.4",
        "@pixi/extract": "7.2.4",
        "@pixi/filter-alpha": "7.2.4",
        "@pixi/filter-blur": "7.2.4",
        "@pixi/filter-color-matrix": "7.2.4",
        "@pixi/filter-displacement": "7.2.4",
        "@pixi/filter-fxaa": "7.2.4",
        "@pixi/filter-noise": "7.2.4",
        "@pixi/graphics": "7.2.4",
        "@pixi/mesh": "7.2.4",
        "@pixi/mesh-extras": "7.2.4",
        "@pixi/mixin-cache-as-bitmap": "7.2.4",
        "@pixi/mixin-get-child-by-name": "7.2.4",
        "@pixi/mixin-get-global-position": "7.2.4",
        "@pixi/particle-container": "7.2.4",
        "@pixi/prepare": "7.2.4",
        "@pixi/sprite": "7.2.4",
        "@pixi/sprite-animated": "7.2.4",
        "@pixi/sprite-tiling": "7.2.4",
        "@pixi/spritesheet": "7.2.4",
        "@pixi/text": "7.2.4",
        "@pixi/text-bitmap": "7.2.4",
        "@pixi/text-html": "7.2.4"
      },
      "funding": {
        "type": "opencollective",
        "url": "https://opencollective.com/pixijs"
      }
    },
    "node_modules/punycode": {
      "version": "1.3.2",
      "resolved": "https://registry.npmjs.org/punycode/-/punycode-1.3.2.tgz",
      "integrity": "sha512-RofWgt/7fL5wP1Y7fxE7/EmTLzQVnB0ycyibJ0OOHIlJqTNzglYFxVwETOcIoJqJmpDXJ9xImDv+Fq34F/d4Dw=="
    },
    "node_modules/querystring": {
      "version": "0.2.0",
      "resolved": "https://registry.npmjs.org/querystring/-/querystring-0.2.0.tgz",
      "integrity": "sha512-X/xY82scca2tau62i9mDyU9K+I+djTMUsvwf7xnUX5GLvVzgJybOJf4Y6o9Zx3oJK/LSXg5tTZBjwzqVPaPO2g==",
      "deprecated": "The querystring API is considered Legacy. new code should use the URLSearchParams API instead.",
      "engines": {
        "node": ">=0.4.x"
      }
    },
    "node_modules/url": {
      "version": "0.11.0",
      "resolved": "https://registry.npmjs.org/url/-/url-0.11.0.tgz",
      "integrity": "sha512-kbailJa29QrtXnxgq+DdCEGlbTeYM2eJUxsz6vjZavrCYPMIFHMKQmSKYAIuUK2i7hgPm28a8piX5NTUtM/LKQ==",
      "dependencies": {
        "punycode": "1.3.2",
        "querystring": "0.2.0"
      }
    }
  }
}
